// !$*UTF8*$!
{
	archiveVersion = 1;
	classes = {
	};
	objectVersion = 77;
	objects = {

/* Begin PBXContainerItemProxy section */
		EBCBCCD12D288F5800F16503 /* PBXContainerItemProxy */ = {
			isa = PBXContainerItemProxy;
			containerPortal = EBCBCCB82D288F5400F16503 /* Project object */;
			proxyType = 1;
			remoteGlobalIDString = EBCBCCBF2D288F5400F16503;
			remoteInfo = Piggy;
		};
		EBCBCCDB2D288F5800F16503 /* PBXContainerItemProxy */ = {
			isa = PBXContainerItemProxy;
			containerPortal = EBCBCCB82D288F5400F16503 /* Project object */;
			proxyType = 1;
			remoteGlobalIDString = EBCBCCBF2D288F5400F16503;
			remoteInfo = Piggy;
		};
/* End PBXContainerItemProxy section */

/* Begin PBXFileReference section */
		EBCBCCC02D288F5400F16503 /* Piggy.app */ = {isa = PBXFileReference; explicitFileType = wrapper.application; includeInIndex = 0; path = Piggy.app; sourceTree = BUILT_PRODUCTS_DIR; };
		EBCBCCD02D288F5800F16503 /* PiggyTests.xctest */ = {isa = PBXFileReference; explicitFileType = wrapper.cfbundle; includeInIndex = 0; path = PiggyTests.xctest; sourceTree = BUILT_PRODUCTS_DIR; };
		EBCBCCDA2D288F5800F16503 /* PiggyUITests.xctest */ = {isa = PBXFileReference; explicitFileType = wrapper.cfbundle; includeInIndex = 0; path = PiggyUITests.xctest; sourceTree = BUILT_PRODUCTS_DIR; };
/* End PBXFileReference section */

/* Begin PBXFileSystemSynchronizedRootGroup section */
		EBCBCCC22D288F5400F16503 /* Piggy */ = {
			isa = PBXFileSystemSynchronizedRootGroup;
			path = Piggy;
			sourceTree = "<group>";
		};
		EBCBCCD32D288F5800F16503 /* PiggyTests */ = {
			isa = PBXFileSystemSynchronizedRootGroup;
			path = PiggyTests;
			sourceTree = "<group>";
		};
		EBCBCCDD2D288F5800F16503 /* PiggyUITests */ = {
			isa = PBXFileSystemSynchronizedRootGroup;
			path = PiggyUITests;
			sourceTree = "<group>";
		};
/* End PBXFileSystemSynchronizedRootGroup section */

/* Begin PBXFrameworksBuildPhase section */
		EBCBCCBD2D288F5400F16503 /* Frameworks */ = {
			isa = PBXFrameworksBuildPhase;
			buildActionMask = 2147483647;
			files = (
			);
			runOnlyForDeploymentPostprocessing = 0;
		};
		EBCBCCCD2D288F5800F16503 /* Frameworks */ = {
			isa = PBXFrameworksBuildPhase;
			buildActionMask = 2147483647;
			files = (
			);
			runOnlyForDeploymentPostprocessing = 0;
		};
		EBCBCCD72D288F5800F16503 /* Frameworks */ = {
			isa = PBXFrameworksBuildPhase;
			buildActionMask = 2147483647;
			files = (
			);
			runOnlyForDeploymentPostprocessing = 0;
		};
/* End PBXFrameworksBuildPhase section */

/* Begin PBXGroup section */
		EBCBCCB72D288F5400F16503 = {
			isa = PBXGroup;
			children = (
				EBCBCCC22D288F5400F16503 /* Piggy */,
				EBCBCCD32D288F5800F16503 /* PiggyTests */,
				EBCBCCDD2D288F5800F16503 /* PiggyUITests */,
				EBCBCCC12D288F5400F16503 /* Products */,
			);
			sourceTree = "<group>";
		};
		EBCBCCC12D288F5400F16503 /* Products */ = {
			isa = PBXGroup;
			children = (
				EBCBCCC02D288F5400F16503 /* Piggy.app */,
				EBCBCCD02D288F5800F16503 /* PiggyTests.xctest */,
				EBCBCCDA2D288F5800F16503 /* PiggyUITests.xctest */,
			);
			name = Products;
			sourceTree = "<group>";
		};
/* End PBXGroup section */

/* Begin PBXNativeTarget section */
		EBCBCCBF2D288F5400F16503 /* Piggy */ = {
			isa = PBXNativeTarget;
			buildConfigurationList = EBCBCCE42D288F5800F16503 /* Build configuration list for PBXNativeTarget "Piggy" */;
			buildPhases = (
				EBCBCCBC2D288F5400F16503 /* Sources */,
				EBCBCCBD2D288F5400F16503 /* Frameworks */,
				EBCBCCBE2D288F5400F16503 /* Resources */,
			);
			buildRules = (
			);
			dependencies = (
			);
			fileSystemSynchronizedGroups = (
				EBCBCCC22D288F5400F16503 /* Piggy */,
			);
			name = Piggy;
			packageProductDependencies = (
			);
			productName = Piggy;
			productReference = EBCBCCC02D288F5400F16503 /* Piggy.app */;
			productType = "com.apple.product-type.application";
		};
		EBCBCCCF2D288F5800F16503 /* PiggyTests */ = {
			isa = PBXNativeTarget;
			buildConfigurationList = EBCBCCE72D288F5800F16503 /* Build configuration list for PBXNativeTarget "PiggyTests" */;
			buildPhases = (
				EBCBCCCC2D288F5800F16503 /* Sources */,
				EBCBCCCD2D288F5800F16503 /* Frameworks */,
				EBCBCCCE2D288F5800F16503 /* Resources */,
			);
			buildRules = (
			);
			dependencies = (
				EBCBCCD22D288F5800F16503 /* PBXTargetDependency */,
			);
			fileSystemSynchronizedGroups = (
				EBCBCCD32D288F5800F16503 /* PiggyTests */,
			);
			name = PiggyTests;
			packageProductDependencies = (
			);
			productName = PiggyTests;
			productReference = EBCBCCD02D288F5800F16503 /* PiggyTests.xctest */;
			productType = "com.apple.product-type.bundle.unit-test";
		};
		EBCBCCD92D288F5800F16503 /* PiggyUITests */ = {
			isa = PBXNativeTarget;
			buildConfigurationList = EBCBCCEA2D288F5800F16503 /* Build configuration list for PBXNativeTarget "PiggyUITests" */;
			buildPhases = (
				EBCBCCD62D288F5800F16503 /* Sources */,
				EBCBCCD72D288F5800F16503 /* Frameworks */,
				EBCBCCD82D288F5800F16503 /* Resources */,
			);
			buildRules = (
			);
			dependencies = (
				EBCBCCDC2D288F5800F16503 /* PBXTargetDependency */,
			);
			fileSystemSynchronizedGroups = (
				EBCBCCDD2D288F5800F16503 /* PiggyUITests */,
			);
			name = PiggyUITests;
			packageProductDependencies = (
			);
			productName = PiggyUITests;
			productReference = EBCBCCDA2D288F5800F16503 /* PiggyUITests.xctest */;
			productType = "com.apple.product-type.bundle.ui-testing";
		};
/* End PBXNativeTarget section */

/* Begin PBXProject section */
		EBCBCCB82D288F5400F16503 /* Project object */ = {
			isa = PBXProject;
			attributes = {
				BuildIndependentTargetsInParallel = 1;
				LastSwiftUpdateCheck = 1620;
				LastUpgradeCheck = 1620;
				TargetAttributes = {
					EBCBCCBF2D288F5400F16503 = {
						CreatedOnToolsVersion = 16.2;
					};
					EBCBCCCF2D288F5800F16503 = {
						CreatedOnToolsVersion = 16.2;
						TestTargetID = EBCBCCBF2D288F5400F16503;
					};
					EBCBCCD92D288F5800F16503 = {
						CreatedOnToolsVersion = 16.2;
						TestTargetID = EBCBCCBF2D288F5400F16503;
					};
				};
			};
			buildConfigurationList = EBCBCCBB2D288F5400F16503 /* Build configuration list for PBXProject "Piggy" */;
			developmentRegion = en;
			hasScannedForEncodings = 0;
			knownRegions = (
				en,
				Base,
			);
			mainGroup = EBCBCCB72D288F5400F16503;
			minimizedProjectReferenceProxies = 1;
			preferredProjectObjectVersion = 77;
			productRefGroup = EBCBCCC12D288F5400F16503 /* Products */;
			projectDirPath = "";
			projectRoot = "";
			targets = (
				EBCBCCBF2D288F5400F16503 /* Piggy */,
				EBCBCCCF2D288F5800F16503 /* PiggyTests */,
				EBCBCCD92D288F5800F16503 /* PiggyUITests */,
			);
		};
/* End PBXProject section */

/* Begin PBXResourcesBuildPhase section */
		EBCBCCBE2D288F5400F16503 /* Resources */ = {
			isa = PBXResourcesBuildPhase;
			buildActionMask = 2147483647;
			files = (
			);
			runOnlyForDeploymentPostprocessing = 0;
		};
		EBCBCCCE2D288F5800F16503 /* Resources */ = {
			isa = PBXResourcesBuildPhase;
			buildActionMask = 2147483647;
			files = (
			);
			runOnlyForDeploymentPostprocessing = 0;
		};
		EBCBCCD82D288F5800F16503 /* Resources */ = {
			isa = PBXResourcesBuildPhase;
			buildActionMask = 2147483647;
			files = (
			);
			runOnlyForDeploymentPostprocessing = 0;
		};
/* End PBXResourcesBuildPhase section */

/* Begin PBXSourcesBuildPhase section */
		EBCBCCBC2D288F5400F16503 /* Sources */ = {
			isa = PBXSourcesBuildPhase;
			buildActionMask = 2147483647;
			files = (
			);
			runOnlyForDeploymentPostprocessing = 0;
		};
		EBCBCCCC2D288F5800F16503 /* Sources */ = {
			isa = PBXSourcesBuildPhase;
			buildActionMask = 2147483647;
			files = (
			);
			runOnlyForDeploymentPostprocessing = 0;
		};
		EBCBCCD62D288F5800F16503 /* Sources */ = {
			isa = PBXSourcesBuildPhase;
			buildActionMask = 2147483647;
			files = (
			);
			runOnlyForDeploymentPostprocessing = 0;
		};
/* End PBXSourcesBuildPhase section */

/* Begin PBXTargetDependency section */
		EBCBCCD22D288F5800F16503 /* PBXTargetDependency */ = {
			isa = PBXTargetDependency;
			target = EBCBCCBF2D288F5400F16503 /* Piggy */;
			targetProxy = EBCBCCD12D288F5800F16503 /* PBXContainerItemProxy */;
		};
		EBCBCCDC2D288F5800F16503 /* PBXTargetDependency */ = {
			isa = PBXTargetDependency;
			target = EBCBCCBF2D288F5400F16503 /* Piggy */;
			targetProxy = EBCBCCDB2D288F5800F16503 /* PBXContainerItemProxy */;
		};
/* End PBXTargetDependency section */

/* Begin XCBuildConfiguration section */
		EBCBCCE22D288F5800F16503 /* Debug */ = {
			isa = XCBuildConfiguration;
			buildSettings = {
				ALWAYS_SEARCH_USER_PATHS = NO;
				ASSETCATALOG_COMPILER_GENERATE_SWIFT_ASSET_SYMBOL_EXTENSIONS = YES;
				CLANG_ANALYZER_NONNULL = YES;
				CLANG_ANALYZER_NUMBER_OBJECT_CONVERSION = YES_AGGRESSIVE;
				CLANG_CXX_LANGUAGE_STANDARD = "gnu++20";
				CLANG_ENABLE_MODULES = YES;
				CLANG_ENABLE_OBJC_ARC = YES;
				CLANG_ENABLE_OBJC_WEAK = YES;
				CLANG_WARN_BLOCK_CAPTURE_AUTORELEASING = YES;
				CLANG_WARN_BOOL_CONVERSION = YES;
				CLANG_WARN_COMMA = YES;
				CLANG_WARN_CONSTANT_CONVERSION = YES;
				CLANG_WARN_DEPRECATED_OBJC_IMPLEMENTATIONS = YES;
				CLANG_WARN_DIRECT_OBJC_ISA_USAGE = YES_ERROR;
				CLANG_WARN_DOCUMENTATION_COMMENTS = YES;
				CLANG_WARN_EMPTY_BODY = YES;
				CLANG_WARN_ENUM_CONVERSION = YES;
				CLANG_WARN_INFINITE_RECURSION = YES;
				CLANG_WARN_INT_CONVERSION = YES;
				CLANG_WARN_NON_LITERAL_NULL_CONVERSION = YES;
				CLANG_WARN_OBJC_IMPLICIT_RETAIN_SELF = YES;
				CLANG_WARN_OBJC_LITERAL_CONVERSION = YES;
				CLANG_WARN_OBJC_ROOT_CLASS = YES_ERROR;
				CLANG_WARN_QUOTED_INCLUDE_IN_FRAMEWORK_HEADER = YES;
				CLANG_WARN_RANGE_LOOP_ANALYSIS = YES;
				CLANG_WARN_STRICT_PROTOTYPES = YES;
				CLANG_WARN_SUSPICIOUS_MOVE = YES;
				CLANG_WARN_UNGUARDED_AVAILABILITY = YES_AGGRESSIVE;
				CLANG_WARN_UNREACHABLE_CODE = YES;
				CLANG_WARN__DUPLICATE_METHOD_MATCH = YES;
				COPY_PHASE_STRIP = NO;
				DEBUG_INFORMATION_FORMAT = dwarf;
				ENABLE_STRICT_OBJC_MSGSEND = YES;
				ENABLE_TESTABILITY = YES;
				ENABLE_USER_SCRIPT_SANDBOXING = YES;
				GCC_C_LANGUAGE_STANDARD = gnu17;
				GCC_DYNAMIC_NO_PIC = NO;
				GCC_NO_COMMON_BLOCKS = YES;
				GCC_OPTIMIZATION_LEVEL = 0;
				GCC_PREPROCESSOR_DEFINITIONS = (
					"DEBUG=1",
					"$(inherited)",
				);
				GCC_WARN_64_TO_32_BIT_CONVERSION = YES;
				GCC_WARN_ABOUT_RETURN_TYPE = YES_ERROR;
				GCC_WARN_UNDECLARED_SELECTOR = YES;
				GCC_WARN_UNINITIALIZED_AUTOS = YES_AGGRESSIVE;
				GCC_WARN_UNUSED_FUNCTION = YES;
				GCC_WARN_UNUSED_VARIABLE = YES;
				IPHONEOS_DEPLOYMENT_TARGET = 18.2;
				LOCALIZATION_PREFERS_STRING_CATALOGS = YES;
				MTL_ENABLE_DEBUG_INFO = INCLUDE_SOURCE;
				MTL_FAST_MATH = YES;
				ONLY_ACTIVE_ARCH = YES;
				SDKROOT = iphoneos;
				SWIFT_ACTIVE_COMPILATION_CONDITIONS = "DEBUG $(inherited)";
				SWIFT_OPTIMIZATION_LEVEL = "-Onone";
			};
			name = Debug;
		};
		EBCBCCE32D288F5800F16503 /* Release */ = {
			isa = XCBuildConfiguration;
			buildSettings = {
				ALWAYS_SEARCH_USER_PATHS = NO;
				ASSETCATALOG_COMPILER_GENERATE_SWIFT_ASSET_SYMBOL_EXTENSIONS = YES;
				CLANG_ANALYZER_NONNULL = YES;
				CLANG_ANALYZER_NUMBER_OBJECT_CONVERSION = YES_AGGRESSIVE;
				CLANG_CXX_LANGUAGE_STANDARD = "gnu++20";
				CLANG_ENABLE_MODULES = YES;
				CLANG_ENABLE_OBJC_ARC = YES;
				CLANG_ENABLE_OBJC_WEAK = YES;
				CLANG_WARN_BLOCK_CAPTURE_AUTORELEASING = YES;
				CLANG_WARN_BOOL_CONVERSION = YES;
				CLANG_WARN_COMMA = YES;
				CLANG_WARN_CONSTANT_CONVERSION = YES;
				CLANG_WARN_DEPRECATED_OBJC_IMPLEMENTATIONS = YES;
				CLANG_WARN_DIRECT_OBJC_ISA_USAGE = YES_ERROR;
				CLANG_WARN_DOCUMENTATION_COMMENTS = YES;
				CLANG_WARN_EMPTY_BODY = YES;
				CLANG_WARN_ENUM_CONVERSION = YES;
				CLANG_WARN_INFINITE_RECURSION = YES;
				CLANG_WARN_INT_CONVERSION = YES;
				CLANG_WARN_NON_LITERAL_NULL_CONVERSION = YES;
				CLANG_WARN_OBJC_IMPLICIT_RETAIN_SELF = YES;
				CLANG_WARN_OBJC_LITERAL_CONVERSION = YES;
				CLANG_WARN_OBJC_ROOT_CLASS = YES_ERROR;
				CLANG_WARN_QUOTED_INCLUDE_IN_FRAMEWORK_HEADER = YES;
				CLANG_WARN_RANGE_LOOP_ANALYSIS = YES;
				CLANG_WARN_STRICT_PROTOTYPES = YES;
				CLANG_WARN_SUSPICIOUS_MOVE = YES;
				CLANG_WARN_UNGUARDED_AVAILABILITY = YES_AGGRESSIVE;
				CLANG_WARN_UNREACHABLE_CODE = YES;
				CLANG_WARN__DUPLICATE_METHOD_MATCH = YES;
				COPY_PHASE_STRIP = NO;
				DEBUG_INFORMATION_FORMAT = "dwarf-with-dsym";
				ENABLE_NS_ASSERTIONS = NO;
				ENABLE_STRICT_OBJC_MSGSEND = YES;
				ENABLE_USER_SCRIPT_SANDBOXING = YES;
				GCC_C_LANGUAGE_STANDARD = gnu17;
				GCC_NO_COMMON_BLOCKS = YES;
				GCC_WARN_64_TO_32_BIT_CONVERSION = YES;
				GCC_WARN_ABOUT_RETURN_TYPE = YES_ERROR;
				GCC_WARN_UNDECLARED_SELECTOR = YES;
				GCC_WARN_UNINITIALIZED_AUTOS = YES_AGGRESSIVE;
				GCC_WARN_UNUSED_FUNCTION = YES;
				GCC_WARN_UNUSED_VARIABLE = YES;
				IPHONEOS_DEPLOYMENT_TARGET = 18.2;
				LOCALIZATION_PREFERS_STRING_CATALOGS = YES;
				MTL_ENABLE_DEBUG_INFO = NO;
				MTL_FAST_MATH = YES;
				SDKROOT = iphoneos;
				SWIFT_COMPILATION_MODE = wholemodule;
				VALIDATE_PRODUCT = YES;
			};
			name = Release;
		};
		EBCBCCE52D288F5800F16503 /* Debug */ = {
			isa = XCBuildConfiguration;
			buildSettings = {
				ASSETCATALOG_COMPILER_APPICON_NAME = AppIcon;
				ASSETCATALOG_COMPILER_GLOBAL_ACCENT_COLOR_NAME = AccentColor;
				CODE_SIGN_STYLE = Automatic;
				CURRENT_PROJECT_VERSION = 1;
				DEVELOPMENT_ASSET_PATHS = "\"Piggy/Preview Content\"";
				DEVELOPMENT_TEAM = HY8S2WXJ2X;
				ENABLE_PREVIEWS = YES;
				GENERATE_INFOPLIST_FILE = YES;
				INFOPLIST_KEY_UIApplicationSceneManifest_Generation = YES;
				INFOPLIST_KEY_UIApplicationSupportsIndirectInputEvents = YES;
				INFOPLIST_KEY_UILaunchScreen_Generation = YES;
				INFOPLIST_KEY_UISupportedInterfaceOrientations_iPad = "UIInterfaceOrientationPortrait UIInterfaceOrientationPortraitUpsideDown UIInterfaceOrientationLandscapeLeft UIInterfaceOrientationLandscapeRight";
				INFOPLIST_KEY_UISupportedInterfaceOrientations_iPhone = "UIInterfaceOrientationPortrait UIInterfaceOrientationLandscapeLeft UIInterfaceOrientationLandscapeRight";
				IPHONEOS_DEPLOYMENT_TARGET = 15.0;
				LD_RUNPATH_SEARCH_PATHS = (
					"$(inherited)",
					"@executable_path/Frameworks",
				);
				MARKETING_VERSION = 1.0;
				PRODUCT_BUNDLE_IDENTIFIER = ngen.Piggy;
				PRODUCT_NAME = "$(TARGET_NAME)";
				SWIFT_EMIT_LOC_STRINGS = YES;
				SWIFT_VERSION = 5.0;
				TARGETED_DEVICE_FAMILY = "1,2";
			};
			name = Debug;
		};
		EBCBCCE62D288F5800F16503 /* Release */ = {
			isa = XCBuildConfiguration;
			buildSettings = {
				ASSETCATALOG_COMPILER_APPICON_NAME = AppIcon;
				ASSETCATALOG_COMPILER_GLOBAL_ACCENT_COLOR_NAME = AccentColor;
				CODE_SIGN_STYLE = Automatic;
				CURRENT_PROJECT_VERSION = 1;
				DEVELOPMENT_ASSET_PATHS = "\"Piggy/Preview Content\"";
				DEVELOPMENT_TEAM = HY8S2WXJ2X;
				ENABLE_PREVIEWS = YES;
				GENERATE_INFOPLIST_FILE = YES;
				INFOPLIST_KEY_UIApplicationSceneManifest_Generation = YES;
				INFOPLIST_KEY_UIApplicationSupportsIndirectInputEvents = YES;
				INFOPLIST_KEY_UILaunchScreen_Generation = YES;
				INFOPLIST_KEY_UISupportedInterfaceOrientations_iPad = "UIInterfaceOrientationPortrait UIInterfaceOrientationPortraitUpsideDown UIInterfaceOrientationLandscapeLeft UIInterfaceOrientationLandscapeRight";
				INFOPLIST_KEY_UISupportedInterfaceOrientations_iPhone = "UIInterfaceOrientationPortrait UIInterfaceOrientationLandscapeLeft UIInterfaceOrientationLandscapeRight";
				IPHONEOS_DEPLOYMENT_TARGET = 15.0;
				LD_RUNPATH_SEARCH_PATHS = (
					"$(inherited)",
					"@executable_path/Frameworks",
				);
				MARKETING_VERSION = 1.0;
				PRODUCT_BUNDLE_IDENTIFIER = ngen.Piggy;
				PRODUCT_NAME = "$(TARGET_NAME)";
				SWIFT_EMIT_LOC_STRINGS = YES;
				SWIFT_VERSION = 5.0;
				TARGETED_DEVICE_FAMILY = "1,2";
			};
			name = Release;
		};
		EBCBCCE82D288F5800F16503 /* Debug */ = {
			isa = XCBuildConfiguration;
			buildSettings = {
				BUNDLE_LOADER = "$(TEST_HOST)";
				CODE_SIGN_STYLE = Automatic;
				CURRENT_PROJECT_VERSION = 1;
				DEVELOPMENT_TEAM = HY8S2WXJ2X;
				GENERATE_INFOPLIST_FILE = YES;
				IPHONEOS_DEPLOYMENT_TARGET = 18.2;
				MARKETING_VERSION = 1.0;
				PRODUCT_BUNDLE_IDENTIFIER = ngen.PiggyTests;
				PRODUCT_NAME = "$(TARGET_NAME)";
				SWIFT_EMIT_LOC_STRINGS = NO;
				SWIFT_VERSION = 5.0;
				TARGETED_DEVICE_FAMILY = "1,2";
				TEST_HOST = "$(BUILT_PRODUCTS_DIR)/Piggy.app/$(BUNDLE_EXECUTABLE_FOLDER_PATH)/Piggy";
			};
			name = Debug;
		};
		EBCBCCE92D288F5800F16503 /* Release */ = {
			isa = XCBuildConfiguration;
			buildSettings = {
				BUNDLE_LOADER = "$(TEST_HOST)";
				CODE_SIGN_STYLE = Automatic;
				CURRENT_PROJECT_VERSION = 1;
				DEVELOPMENT_TEAM = HY8S2WXJ2X;
				GENERATE_INFOPLIST_FILE = YES;
				IPHONEOS_DEPLOYMENT_TARGET = 18.2;
				MARKETING_VERSION = 1.0;
				PRODUCT_BUNDLE_IDENTIFIER = ngen.PiggyTests;
				PRODUCT_NAME = "$(TARGET_NAME)";
				SWIFT_EMIT_LOC_STRINGS = NO;
				SWIFT_VERSION = 5.0;
				TARGETED_DEVICE_FAMILY = "1,2";
				TEST_HOST = "$(BUILT_PRODUCTS_DIR)/Piggy.app/$(BUNDLE_EXECUTABLE_FOLDER_PATH)/Piggy";
			};
			name = Release;
		};
		EBCBCCEB2D288F5800F16503 /* Debug */ = {
			isa = XCBuildConfiguration;
			buildSettings = {
				CODE_SIGN_STYLE = Automatic;
				CURRENT_PROJECT_VERSION = 1;
				DEVELOPMENT_TEAM = HY8S2WXJ2X;
				GENERATE_INFOPLIST_FILE = YES;
				MARKETING_VERSION = 1.0;
				PRODUCT_BUNDLE_IDENTIFIER = ngen.PiggyUITests;
				PRODUCT_NAME = "$(TARGET_NAME)";
				SWIFT_EMIT_LOC_STRINGS = NO;
				SWIFT_VERSION = 5.0;
				TARGETED_DEVICE_FAMILY = "1,2";
				TEST_TARGET_NAME = Piggy;
			};
			name = Debug;
		};
		EBCBCCEC2D288F5800F16503 /* Release */ = {
			isa = XCBuildConfiguration;
			buildSettings = {
				CODE_SIGN_STYLE = Automatic;
				CURRENT_PROJECT_VERSION = 1;
				DEVELOPMENT_TEAM = HY8S2WXJ2X;
				GENERATE_INFOPLIST_FILE = YES;
				MARKETING_VERSION = 1.0;
				PRODUCT_BUNDLE_IDENTIFIER = ngen.PiggyUITests;
				PRODUCT_NAME = "$(TARGET_NAME)";
				SWIFT_EMIT_LOC_STRINGS = NO;
				SWIFT_VERSION = 5.0;
				TARGETED_DEVICE_FAMILY = "1,2";
				TEST_TARGET_NAME = Piggy;
			};
			name = Release;
		};
/* End XCBuildConfiguration section */

/* Begin XCConfigurationList section */
		EBCBCCBB2D288F5400F16503 /* Build configuration list for PBXProject "Piggy" */ = {
			isa = XCConfigurationList;
			buildConfigurations = (
				EBCBCCE22D288F5800F16503 /* Debug */,
				EBCBCCE32D288F5800F16503 /* Release */,
			);
			defaultConfigurationIsVisible = 0;
			defaultConfigurationName = Release;
		};
		EBCBCCE42D288F5800F16503 /* Build configuration list for PBXNativeTarget "Piggy" */ = {
			isa = XCConfigurationList;
			buildConfigurations = (
				EBCBCCE52D288F5800F16503 /* Debug */,
				EBCBCCE62D288F5800F16503 /* Release */,
			);
			defaultConfigurationIsVisible = 0;
			defaultConfigurationName = Release;
		};
		EBCBCCE72D288F5800F16503 /* Build configuration list for PBXNativeTarget "PiggyTests" */ = {
			isa = XCConfigurationList;
			buildConfigurations = (
				EBCBCCE82D288F5800F16503 /* Debug */,
				EBCBCCE92D288F5800F16503 /* Release */,
			);
			defaultConfigurationIsVisible = 0;
			defaultConfigurationName = Release;
		};
		EBCBCCEA2D288F5800F16503 /* Build configuration list for PBXNativeTarget "PiggyUITests" */ = {
			isa = XCConfigurationList;
			buildConfigurations = (
				EBCBCCEB2D288F5800F16503 /* Debug */,
				EBCBCCEC2D288F5800F16503 /* Release */,
			);
			defaultConfigurationIsVisible = 0;
			defaultConfigurationName = Release;
		};
/* End XCConfigurationList section */
	};
	rootObject = EBCBCCB82D288F5400F16503 /* Project object */;
}
